
Microsoft Visual Studio Solution File, Format Version 12.00
# Visual Studio Version 17
VisualStudioVersion = 17.9.34728.123
MinimumVisualStudioVersion = 10.0.40219.1
Project("{9A19103F-16F7-4668-BE54-9A1E7A4F7556}") = "Lithium Launcher", "FNLauncher\Lithium Launcher.csproj", "{AD8096B1-6B0C-473B-B715-8AD3E46473D3}"
EndProject
Global
	GlobalSection(SolutionConfigurationPlatforms) = preSolution
		Debug|Any CPU = Debug|Any CPU
		Release|Any CPU = Release|Any CPU
	EndGlobalSection
	GlobalSection(ProjectConfigurationPlatforms) = postSolution
		{AD8096B1-6B0C-473B-B715-8AD3E46473D3}.Debug|Any CPU.ActiveCfg = Debug|Any CPU
		{AD8096B1-6B0C-473B-B715-8AD3E46473D3}.Debug|Any CPU.Build.0 = Debug|Any CPU
		{AD8096B1-6B0C-473B-B715-8AD3E46473D3}.Release|Any CPU.ActiveCfg = Release|Any CPU
		{AD8096B1-6B0C-473B-B715-8AD3E46473D3}.Release|Any CPU.Build.0 = Release|Any CPU
	EndGlobalSection
	GlobalSection(SolutionProperties) = preSolution
		HideSolutionNode = FALSE
	EndGlobalSection
	GlobalSection(ExtensibilityGlobals) = postSolution
		SolutionGuid = {25E99E4C-D9C4-461F-9F2C-DEF76B3C2DA4}
	EndGlobalSection
EndGlobal
